
Microsoft Visual Studio Solution File, Format Version 12.00
# Visual Studio Version 17
VisualStudioVersion = 17.3.32929.385
MinimumVisualStudioVersion = 10.0.40219.1
Project("{FAE04EC0-301F-11D3-BF4B-00C04F79EFBC}") = "Pansiyon1", "Pansiyon1\Pansiyon1.csproj", "{1DD39867-3CD1-475A-8714-E5F0A5191390}"
EndProject
Global
	GlobalSection(SolutionConfigurationPlatforms) = preSolution
		Debug|Any CPU = Debug|Any CPU
		Release|Any CPU = Release|Any CPU
	EndGlobalSection
	GlobalSection(ProjectConfigurationPlatforms) = postSolution
		{1DD39867-3CD1-475A-8714-E5F0A5191390}.Debug|Any CPU.ActiveCfg = Debug|Any CPU
		{1DD39867-3CD1-475A-8714-E5F0A5191390}.Debug|Any CPU.Build.0 = Debug|Any CPU
		{1DD39867-3CD1-475A-8714-E5F0A5191390}.Release|Any CPU.ActiveCfg = Release|Any CPU
		{1DD39867-3CD1-475A-8714-E5F0A5191390}.Release|Any CPU.Build.0 = Release|Any CPU
	EndGlobalSection
	GlobalSection(SolutionProperties) = preSolution
		HideSolutionNode = FALSE
	EndGlobalSection
	GlobalSection(ExtensibilityGlobals) = postSolution
		SolutionGuid = {B5094DD0-1675-46E1-A9F8-CA8735560EAB}
	EndGlobalSection
EndGlobal
